{
  "requires": true,
  "lockfileVersion": 1,
  "dependencies": {
    "jquery": {
      "version": "3.4.1",
      "resolved": "https://registry.npmjs.org/jquery/-/jquery-3.4.1.tgz",
      "integrity": "sha512-36+AdBzCL+y6qjw5Tx7HgzeGCzC81MDDgaUP8ld2zhx58HdqXGoBd+tHdrBMiyjGQs0Hxs/MLZTu/eHNJJuWPw=="
    },
    "jquerydeparam": {
      "version": "1.1.5",
      "resolved": "https://registry.npmjs.org/jquerydeparam/-/jquerydeparam-1.1.5.tgz",
      "integrity": "sha512-ibxDZ4RGr8zdVqhmEL+oNd+PdFR6BCT/kufjKcEtJGCkshfEiKR2GefsXGEvz+FDcZz3mGVv+a/Cfgaf5L1ohw=="
    },
    "jqueryrouter": {
      "version": "2.1.0",
      "resolved": "https://registry.npmjs.org/jqueryrouter/-/jqueryrouter-2.1.0.tgz",
      "integrity": "sha512-tcVdxU0aVMV8xQGOlxJuJPpB70UNrAENQGIeqMSFrJee0dxscviqNOumwQU69vBLnahWdt47O3KDvB9ah6yIAg=="
    }
  }
}
